<Solution>
  <Configurations>
    <BuildType Name="Debug" />
    <BuildType Name="Release" />
    <BuildType Name="Debug-Linux" />
    <BuildType Name="Release-Linux" />
    <BuildType Name="Debug-Windows" />
    <BuildType Name="Release-Windows" />
  </Configurations>
  <Folder Name="/src/">
    <Project Path="Broiler.Documents/Broiler.Documents.csproj">
      <BuildType Project="Debug" Solution="Debug-Linux|*" />
      <BuildType Project="Release" Solution="Release-Linux|*" />
      <BuildType Project="Debug" Solution="Debug-Windows|*" />
      <BuildType Project="Release" Solution="Release-Windows|*" />
    </Project>
    <Project Path="Broiler.Documents.Model/Broiler.Documents.Model.csproj">
      <BuildType Project="Debug" Solution="Debug-Linux|*" />
      <BuildType Project="Release" Solution="Release-Linux|*" />
      <BuildType Project="Debug" Solution="Debug-Windows|*" />
      <BuildType Project="Release" Solution="Release-Windows|*" />
    </Project>
    <Project Path="Broiler.Documents.FormatCodes/Broiler.Documents.FormatCodes.csproj">
      <BuildType Project="Debug" Solution="Debug-Linux|*" />
      <BuildType Project="Release" Solution="Release-Linux|*" />
      <BuildType Project="Debug" Solution="Debug-Windows|*" />
      <BuildType Project="Release" Solution="Release-Windows|*" />
    </Project>
    <Project Path="Broiler.Documents.Rtf/Broiler.Documents.Rtf.csproj">
      <BuildType Project="Debug" Solution="Debug-Linux|*" />
      <BuildType Project="Release" Solution="Release-Linux|*" />
      <BuildType Project="Debug" Solution="Debug-Windows|*" />
      <BuildType Project="Release" Solution="Release-Windows|*" />
    </Project>
    <Project Path="Broiler.Documents.Docx/Broiler.Documents.Docx.csproj">
      <BuildType Project="Debug" Solution="Debug-Linux|*" />
      <BuildType Project="Release" Solution="Release-Linux|*" />
      <BuildType Project="Debug" Solution="Debug-Windows|*" />
      <BuildType Project="Release" Solution="Release-Windows|*" />
    </Project>
    <Project Path="Broiler.Documents.Html/Broiler.Documents.Html.csproj">
      <BuildType Project="Debug" Solution="Debug-Linux|*" />
      <BuildType Project="Release" Solution="Release-Linux|*" />
      <BuildType Project="Debug" Solution="Debug-Windows|*" />
      <BuildType Project="Release" Solution="Release-Windows|*" />
    </Project>
    <Project Path="Broiler.Documents.Markdown/Broiler.Documents.Markdown.csproj">
      <BuildType Project="Debug" Solution="Debug-Linux|*" />
      <BuildType Project="Release" Solution="Release-Linux|*" />
      <BuildType Project="Debug" Solution="Debug-Windows|*" />
      <BuildType Project="Release" Solution="Release-Windows|*" />
    </Project>
    <Project Path="Broiler.Documents.Pdf/Broiler.Documents.Pdf.csproj">
      <BuildType Project="Debug" Solution="Debug-Linux|*" />
      <BuildType Project="Release" Solution="Release-Linux|*" />
      <BuildType Project="Debug" Solution="Debug-Windows|*" />
      <BuildType Project="Release" Solution="Release-Windows|*" />
    </Project>
  </Folder>
  <Folder Name="/tests/">
    <Project Path="Broiler.Documents.Tests/Broiler.Documents.Tests.csproj">
      <BuildType Project="Debug" Solution="Debug-Linux|*" />
      <BuildType Project="Release" Solution="Release-Linux|*" />
      <BuildType Project="Debug" Solution="Debug-Windows|*" />
      <BuildType Project="Release" Solution="Release-Windows|*" />
    </Project>
    <Project Path="Broiler.Documents.Model.Tests/Broiler.Documents.Model.Tests.csproj">
      <BuildType Project="Debug" Solution="Debug-Linux|*" />
      <BuildType Project="Release" Solution="Release-Linux|*" />
      <BuildType Project="Debug" Solution="Debug-Windows|*" />
      <BuildType Project="Release" Solution="Release-Windows|*" />
    </Project>
    <Project Path="Broiler.Documents.FormatCodes.Tests/Broiler.Documents.FormatCodes.Tests.csproj">
      <BuildType Project="Debug" Solution="Debug-Linux|*" />
      <BuildType Project="Release" Solution="Release-Linux|*" />
      <BuildType Project="Debug" Solution="Debug-Windows|*" />
      <BuildType Project="Release" Solution="Release-Windows|*" />
    </Project>
    <Project Path="Broiler.Documents.Rtf.Tests/Broiler.Documents.Rtf.Tests.csproj">
      <BuildType Project="Debug" Solution="Debug-Linux|*" />
      <BuildType Project="Release" Solution="Release-Linux|*" />
      <BuildType Project="Debug" Solution="Debug-Windows|*" />
      <BuildType Project="Release" Solution="Release-Windows|*" />
    </Project>
    <Project Path="Broiler.Documents.Docx.Tests/Broiler.Documents.Docx.Tests.csproj">
      <BuildType Project="Debug" Solution="Debug-Linux|*" />
      <BuildType Project="Release" Solution="Release-Linux|*" />
      <BuildType Project="Debug" Solution="Debug-Windows|*" />
      <BuildType Project="Release" Solution="Release-Windows|*" />
    </Project>
    <Project Path="Broiler.Documents.Html.Tests/Broiler.Documents.Html.Tests.csproj">
      <BuildType Project="Debug" Solution="Debug-Linux|*" />
      <BuildType Project="Release" Solution="Release-Linux|*" />
      <BuildType Project="Debug" Solution="Debug-Windows|*" />
      <BuildType Project="Release" Solution="Release-Windows|*" />
    </Project>
    <Project Path="Broiler.Documents.Markdown.Tests/Broiler.Documents.Markdown.Tests.csproj">
      <BuildType Project="Debug" Solution="Debug-Linux|*" />
      <BuildType Project="Release" Solution="Release-Linux|*" />
      <BuildType Project="Debug" Solution="Debug-Windows|*" />
      <BuildType Project="Release" Solution="Release-Windows|*" />
    </Project>
    <Project Path="Broiler.Documents.Pdf.Tests/Broiler.Documents.Pdf.Tests.csproj">
      <BuildType Project="Debug" Solution="Debug-Linux|*" />
      <BuildType Project="Release" Solution="Release-Linux|*" />
      <BuildType Project="Debug" Solution="Debug-Windows|*" />
      <BuildType Project="Release" Solution="Release-Windows|*" />
    </Project>
  </Folder>
</Solution>
